
Microsoft Visual Studio Solution File, Format Version 12.00
# Visual Studio 15
VisualStudioVersion = 15.0.28307.572
MinimumVisualStudioVersion = 10.0.40219.1
Project("{FAE04EC0-301F-11D3-BF4B-00C04F79EFBC}") = "CoalRBSCtrlApp", "CoalRBSCtrlApp\CoalRBSCtrlApp.csproj", "{37161B47-7680-4F91-98F0-5BDE896A043F}"
EndProject
Project("{FAE04EC0-301F-11D3-BF4B-00C04F79EFBC}") = "DockingLibrary", "CoalRBSCtrlApp\lib\DockingLibrary\DockingLibrary.csproj", "{FA274CD2-57BB-4EB0-B101-A562ADB1685E}"
EndProject
Global
	GlobalSection(SolutionConfigurationPlatforms) = preSolution
		Debug|Any CPU = Debug|Any CPU
		Release|Any CPU = Release|Any CPU
	EndGlobalSection
	GlobalSection(ProjectConfigurationPlatforms) = postSolution
		{37161B47-7680-4F91-98F0-5BDE896A043F}.Debug|Any CPU.ActiveCfg = Debug|Any CPU
		{37161B47-7680-4F91-98F0-5BDE896A043F}.Debug|Any CPU.Build.0 = Debug|Any CPU
		{37161B47-7680-4F91-98F0-5BDE896A043F}.Release|Any CPU.ActiveCfg = Release|Any CPU
		{37161B47-7680-4F91-98F0-5BDE896A043F}.Release|Any CPU.Build.0 = Release|Any CPU
		{FA274CD2-57BB-4EB0-B101-A562ADB1685E}.Debug|Any CPU.ActiveCfg = Debug|Any CPU
		{FA274CD2-57BB-4EB0-B101-A562ADB1685E}.Debug|Any CPU.Build.0 = Debug|Any CPU
		{FA274CD2-57BB-4EB0-B101-A562ADB1685E}.Release|Any CPU.ActiveCfg = Release|Any CPU
		{FA274CD2-57BB-4EB0-B101-A562ADB1685E}.Release|Any CPU.Build.0 = Release|Any CPU
	EndGlobalSection
	GlobalSection(SolutionProperties) = preSolution
		HideSolutionNode = FALSE
	EndGlobalSection
	GlobalSection(ExtensibilityGlobals) = postSolution
		SolutionGuid = {54CD1DA9-55B0-41FB-98C6-AE8BB410F29F}
	EndGlobalSection
EndGlobal
